// !$*UTF8*$!
{
	archiveVersion = 1;
	classes = {
	};
	objectVersion = 56;
	objects = {

/* Begin PBXBuildFile section */
		AB5FE22F2B86D27E00E42492 /* HomeView.swift in Sources */ = {isa = PBXBuildFile; fileRef = AB5FE22E2B86D27E00E42492 /* HomeView.swift */; };
		AB5FE2312B86D30800E42492 /* ProfileView.swift in Sources */ = {isa = PBXBuildFile; fileRef = AB5FE2302B86D30800E42492 /* ProfileView.swift */; };
		AB5FE2352B86D4F200E42492 /* FitQuestTabView.swift in Sources */ = {isa = PBXBuildFile; fileRef = AB5FE2342B86D4F200E42492 /* FitQuestTabView.swift */; };
		AB5FE2372B86DEBF00E42492 /* TrackView.swift in Sources */ = {isa = PBXBuildFile; fileRef = AB5FE2362B86DEBF00E42492 /* TrackView.swift */; };
		AB5FE2392B86E9A700E42492 /* HealthManager.swift in Sources */ = {isa = PBXBuildFile; fileRef = AB5FE2382B86E9A700E42492 /* HealthManager.swift */; };
		AB5FE23B2B8701DB00E42492 /* ActivityCardView.swift in Sources */ = {isa = PBXBuildFile; fileRef = AB5FE23A2B8701DB00E42492 /* ActivityCardView.swift */; };
		AB5FE23D2B882A0B00E42492 /* SleepView.swift in Sources */ = {isa = PBXBuildFile; fileRef = AB5FE23C2B882A0B00E42492 /* SleepView.swift */; };
		AB5FE23F2B8881DB00E42492 /* DietView.swift in Sources */ = {isa = PBXBuildFile; fileRef = AB5FE23E2B8881DB00E42492 /* DietView.swift */; };
		ABE7BD5D2B8C73B00075721B /* FoodEntryView.swift in Sources */ = {isa = PBXBuildFile; fileRef = ABE7BD5C2B8C73B00075721B /* FoodEntryView.swift */; };
		ABEF7DBF2B74C160009FB313 /* FitQuestApp.swift in Sources */ = {isa = PBXBuildFile; fileRef = ABEF7DBE2B74C160009FB313 /* FitQuestApp.swift */; };
		ABEF7DC12B74C160009FB313 /* DemoView.swift in Sources */ = {isa = PBXBuildFile; fileRef = ABEF7DC02B74C160009FB313 /* DemoView.swift */; };
		ABEF7DC32B74C162009FB313 /* Assets.xcassets in Resources */ = {isa = PBXBuildFile; fileRef = ABEF7DC22B74C162009FB313 /* Assets.xcassets */; };
		ABEF7DC62B74C162009FB313 /* Preview Assets.xcassets in Resources */ = {isa = PBXBuildFile; fileRef = ABEF7DC52B74C162009FB313 /* Preview Assets.xcassets */; };
/* End PBXBuildFile section */

/* Begin PBXFileReference section */
		AB02C9F52B86C5F900A29811 /* FitQuest.entitlements */ = {isa = PBXFileReference; lastKnownFileType = text.plist.entitlements; path = FitQuest.entitlements; sourceTree = "<group>"; };
		AB5FE22E2B86D27E00E42492 /* HomeView.swift */ = {isa = PBXFileReference; lastKnownFileType = sourcecode.swift; path = HomeView.swift; sourceTree = "<group>"; };
		AB5FE2302B86D30800E42492 /* ProfileView.swift */ = {isa = PBXFileReference; lastKnownFileType = sourcecode.swift; path = ProfileView.swift; sourceTree = "<group>"; };
		AB5FE2342B86D4F200E42492 /* FitQuestTabView.swift */ = {isa = PBXFileReference; lastKnownFileType = sourcecode.swift; path = FitQuestTabView.swift; sourceTree = "<group>"; };
		AB5FE2362B86DEBF00E42492 /* TrackView.swift */ = {isa = PBXFileReference; lastKnownFileType = sourcecode.swift; path = TrackView.swift; sourceTree = "<group>"; };
		AB5FE2382B86E9A700E42492 /* HealthManager.swift */ = {isa = PBXFileReference; lastKnownFileType = sourcecode.swift; path = HealthManager.swift; sourceTree = "<group>"; };
		AB5FE23A2B8701DB00E42492 /* ActivityCardView.swift */ = {isa = PBXFileReference; lastKnownFileType = sourcecode.swift; path = ActivityCardView.swift; sourceTree = "<group>"; };
		AB5FE23C2B882A0B00E42492 /* SleepView.swift */ = {isa = PBXFileReference; lastKnownFileType = sourcecode.swift; path = SleepView.swift; sourceTree = "<group>"; };
		AB5FE23E2B8881DB00E42492 /* DietView.swift */ = {isa = PBXFileReference; lastKnownFileType = sourcecode.swift; path = DietView.swift; sourceTree = "<group>"; };
		ABE7BD5C2B8C73B00075721B /* FoodEntryView.swift */ = {isa = PBXFileReference; lastKnownFileType = sourcecode.swift; path = FoodEntryView.swift; sourceTree = "<group>"; };
		ABEF7DBB2B74C160009FB313 /* FitQuest.app */ = {isa = PBXFileReference; explicitFileType = wrapper.application; includeInIndex = 0; path = FitQuest.app; sourceTree = BUILT_PRODUCTS_DIR; };
		ABEF7DBE2B74C160009FB313 /* FitQuestApp.swift */ = {isa = PBXFileReference; lastKnownFileType = sourcecode.swift; path = FitQuestApp.swift; sourceTree = "<group>"; };
		ABEF7DC02B74C160009FB313 /* DemoView.swift */ = {isa = PBXFileReference; lastKnownFileType = sourcecode.swift; path = DemoView.swift; sourceTree = "<group>"; };
		ABEF7DC22B74C162009FB313 /* Assets.xcassets */ = {isa = PBXFileReference; lastKnownFileType = folder.assetcatalog; path = Assets.xcassets; sourceTree = "<group>"; };
		ABEF7DC52B74C162009FB313 /* Preview Assets.xcassets */ = {isa = PBXFileReference; lastKnownFileType = folder.assetcatalog; path = "Preview Assets.xcassets"; sourceTree = "<group>"; };
/* End PBXFileReference section */

/* Begin PBXFrameworksBuildPhase section */
		ABEF7DB82B74C160009FB313 /* Frameworks */ = {
			isa = PBXFrameworksBuildPhase;
			buildActionMask = 2147483647;
			files = (
			);
			runOnlyForDeploymentPostprocessing = 0;
		};
/* End PBXFrameworksBuildPhase section */

/* Begin PBXGroup section */
		ABEF7DB22B74C160009FB313 = {
			isa = PBXGroup;
			children = (
				ABEF7DBD2B74C160009FB313 /* FitQuest */,
				ABEF7DBC2B74C160009FB313 /* Products */,
			);
			sourceTree = "<group>";
		};
		ABEF7DBC2B74C160009FB313 /* Products */ = {
			isa = PBXGroup;
			children = (
				ABEF7DBB2B74C160009FB313 /* FitQuest.app */,
			);
			name = Products;
			sourceTree = "<group>";
		};
		ABEF7DBD2B74C160009FB313 /* FitQuest */ = {
			isa = PBXGroup;
			children = (
				AB02C9F52B86C5F900A29811 /* FitQuest.entitlements */,
				ABEF7DE82B74C688009FB313 /* Resources */,
				ABEF7DE92B74C6BC009FB313 /* ViewController */,
				ABEF7DC42B74C162009FB313 /* Preview Content */,
				AB5FE2342B86D4F200E42492 /* FitQuestTabView.swift */,
				AB5FE22E2B86D27E00E42492 /* HomeView.swift */,
				AB5FE23E2B8881DB00E42492 /* DietView.swift */,
				AB5FE2362B86DEBF00E42492 /* TrackView.swift */,
				AB5FE23C2B882A0B00E42492 /* SleepView.swift */,
				AB5FE2302B86D30800E42492 /* ProfileView.swift */,
				AB5FE2382B86E9A700E42492 /* HealthManager.swift */,
				AB5FE23A2B8701DB00E42492 /* ActivityCardView.swift */,
				ABE7BD5C2B8C73B00075721B /* FoodEntryView.swift */,
			);
			path = FitQuest;
			sourceTree = "<group>";
		};
		ABEF7DC42B74C162009FB313 /* Preview Content */ = {
			isa = PBXGroup;
			children = (
				ABEF7DC52B74C162009FB313 /* Preview Assets.xcassets */,
			);
			path = "Preview Content";
			sourceTree = "<group>";
		};
		ABEF7DE82B74C688009FB313 /* Resources */ = {
			isa = PBXGroup;
			children = (
				ABEF7DBE2B74C160009FB313 /* FitQuestApp.swift */,
				ABEF7DC22B74C162009FB313 /* Assets.xcassets */,
			);
			path = Resources;
			sourceTree = "<group>";
		};
		ABEF7DE92B74C6BC009FB313 /* ViewController */ = {
			isa = PBXGroup;
			children = (
				ABEF7DC02B74C160009FB313 /* DemoView.swift */,
			);
			path = ViewController;
			sourceTree = "<group>";
		};
/* End PBXGroup section */

/* Begin PBXNativeTarget section */
		ABEF7DBA2B74C160009FB313 /* FitQuest */ = {
			isa = PBXNativeTarget;
			buildConfigurationList = ABEF7DDF2B74C162009FB313 /* Build configuration list for PBXNativeTarget "FitQuest" */;
			buildPhases = (
				ABEF7DB72B74C160009FB313 /* Sources */,
				ABEF7DB82B74C160009FB313 /* Frameworks */,
				ABEF7DB92B74C160009FB313 /* Resources */,
			);
			buildRules = (
			);
			dependencies = (
			);
			name = FitQuest;
			productName = FitQuest;
			productReference = ABEF7DBB2B74C160009FB313 /* FitQuest.app */;
			productType = "com.apple.product-type.application";
		};
/* End PBXNativeTarget section */

/* Begin PBXProject section */
		ABEF7DB32B74C160009FB313 /* Project object */ = {
			isa = PBXProject;
			attributes = {
				BuildIndependentTargetsInParallel = 1;
				LastSwiftUpdateCheck = 1520;
				LastUpgradeCheck = 1520;
				TargetAttributes = {
					ABEF7DBA2B74C160009FB313 = {
						CreatedOnToolsVersion = 15.2;
					};
				};
			};
			buildConfigurationList = ABEF7DB62B74C160009FB313 /* Build configuration list for PBXProject "FitQuest" */;
			compatibilityVersion = "Xcode 14.0";
			developmentRegion = en;
			hasScannedForEncodings = 0;
			knownRegions = (
				en,
				Base,
			);
			mainGroup = ABEF7DB22B74C160009FB313;
			productRefGroup = ABEF7DBC2B74C160009FB313 /* Products */;
			projectDirPath = "";
			projectRoot = "";
			targets = (
				ABEF7DBA2B74C160009FB313 /* FitQuest */,
			);
		};
/* End PBXProject section */

/* Begin PBXResourcesBuildPhase section */
		ABEF7DB92B74C160009FB313 /* Resources */ = {
			isa = PBXResourcesBuildPhase;
			buildActionMask = 2147483647;
			files = (
				ABEF7DC62B74C162009FB313 /* Preview Assets.xcassets in Resources */,
				ABEF7DC32B74C162009FB313 /* Assets.xcassets in Resources */,
			);
			runOnlyForDeploymentPostprocessing = 0;
		};
/* End PBXResourcesBuildPhase section */

/* Begin PBXSourcesBuildPhase section */
		ABEF7DB72B74C160009FB313 /* Sources */ = {
			isa = PBXSourcesBuildPhase;
			buildActionMask = 2147483647;
			files = (
				AB5FE23F2B8881DB00E42492 /* DietView.swift in Sources */,
				AB5FE2352B86D4F200E42492 /* FitQuestTabView.swift in Sources */,
				AB5FE2312B86D30800E42492 /* ProfileView.swift in Sources */,
				AB5FE23D2B882A0B00E42492 /* SleepView.swift in Sources */,
				AB5FE22F2B86D27E00E42492 /* HomeView.swift in Sources */,
				AB5FE23B2B8701DB00E42492 /* ActivityCardView.swift in Sources */,
				ABEF7DC12B74C160009FB313 /* DemoView.swift in Sources */,
				AB5FE2372B86DEBF00E42492 /* TrackView.swift in Sources */,
				ABEF7DBF2B74C160009FB313 /* FitQuestApp.swift in Sources */,
				ABE7BD5D2B8C73B00075721B /* FoodEntryView.swift in Sources */,
				AB5FE2392B86E9A700E42492 /* HealthManager.swift in Sources */,
			);
			runOnlyForDeploymentPostprocessing = 0;
		};
/* End PBXSourcesBuildPhase section */

/* Begin XCBuildConfiguration section */
		ABEF7DDD2B74C162009FB313 /* Debug */ = {
			isa = XCBuildConfiguration;
			buildSettings = {
				ALWAYS_SEARCH_USER_PATHS = NO;
				ASSETCATALOG_COMPILER_GENERATE_SWIFT_ASSET_SYMBOL_EXTENSIONS = YES;
				CLANG_ANALYZER_NONNULL = YES;
				CLANG_ANALYZER_NUMBER_OBJECT_CONVERSION = YES_AGGRESSIVE;
				CLANG_CXX_LANGUAGE_STANDARD = "gnu++20";
				CLANG_ENABLE_MODULES = YES;
				CLANG_ENABLE_OBJC_ARC = YES;
				CLANG_ENABLE_OBJC_WEAK = YES;
				CLANG_WARN_BLOCK_CAPTURE_AUTORELEASING = YES;
				CLANG_WARN_BOOL_CONVERSION = YES;
				CLANG_WARN_COMMA = YES;
				CLANG_WARN_CONSTANT_CONVERSION = YES;
				CLANG_WARN_DEPRECATED_OBJC_IMPLEMENTATIONS = YES;
				CLANG_WARN_DIRECT_OBJC_ISA_USAGE = YES_ERROR;
				CLANG_WARN_DOCUMENTATION_COMMENTS = YES;
				CLANG_WARN_EMPTY_BODY = YES;
				CLANG_WARN_ENUM_CONVERSION = YES;
				CLANG_WARN_INFINITE_RECURSION = YES;
				CLANG_WARN_INT_CONVERSION = YES;
				CLANG_WARN_NON_LITERAL_NULL_CONVERSION = YES;
				CLANG_WARN_OBJC_IMPLICIT_RETAIN_SELF = YES;
				CLANG_WARN_OBJC_LITERAL_CONVERSION = YES;
				CLANG_WARN_OBJC_ROOT_CLASS = YES_ERROR;
				CLANG_WARN_QUOTED_INCLUDE_IN_FRAMEWORK_HEADER = YES;
				CLANG_WARN_RANGE_LOOP_ANALYSIS = YES;
				CLANG_WARN_STRICT_PROTOTYPES = YES;
				CLANG_WARN_SUSPICIOUS_MOVE = YES;
				CLANG_WARN_UNGUARDED_AVAILABILITY = YES_AGGRESSIVE;
				CLANG_WARN_UNREACHABLE_CODE = YES;
				CLANG_WARN__DUPLICATE_METHOD_MATCH = YES;
				COPY_PHASE_STRIP = NO;
				DEBUG_INFORMATION_FORMAT = dwarf;
				ENABLE_STRICT_OBJC_MSGSEND = YES;
				ENABLE_TESTABILITY = YES;
				ENABLE_USER_SCRIPT_SANDBOXING = YES;
				GCC_C_LANGUAGE_STANDARD = gnu17;
				GCC_DYNAMIC_NO_PIC = NO;
				GCC_NO_COMMON_BLOCKS = YES;
				GCC_OPTIMIZATION_LEVEL = 0;
				GCC_PREPROCESSOR_DEFINITIONS = (
					"DEBUG=1",
					"$(inherited)",
				);
				GCC_WARN_64_TO_32_BIT_CONVERSION = YES;
				GCC_WARN_ABOUT_RETURN_TYPE = YES_ERROR;
				GCC_WARN_UNDECLARED_SELECTOR = YES;
				GCC_WARN_UNINITIALIZED_AUTOS = YES_AGGRESSIVE;
				GCC_WARN_UNUSED_FUNCTION = YES;
				GCC_WARN_UNUSED_VARIABLE = YES;
				IPHONEOS_DEPLOYMENT_TARGET = 17.2;
				LOCALIZATION_PREFERS_STRING_CATALOGS = YES;
				MTL_ENABLE_DEBUG_INFO = INCLUDE_SOURCE;
				MTL_FAST_MATH = YES;
				ONLY_ACTIVE_ARCH = YES;
				SDKROOT = iphoneos;
				SWIFT_ACTIVE_COMPILATION_CONDITIONS = "DEBUG $(inherited)";
				SWIFT_OPTIMIZATION_LEVEL = "-Onone";
			};
			name = Debug;
		};
		ABEF7DDE2B74C162009FB313 /* Release */ = {
			isa = XCBuildConfiguration;
			buildSettings = {
				ALWAYS_SEARCH_USER_PATHS = NO;
				ASSETCATALOG_COMPILER_GENERATE_SWIFT_ASSET_SYMBOL_EXTENSIONS = YES;
				CLANG_ANALYZER_NONNULL = YES;
				CLANG_ANALYZER_NUMBER_OBJECT_CONVERSION = YES_AGGRESSIVE;
				CLANG_CXX_LANGUAGE_STANDARD = "gnu++20";
				CLANG_ENABLE_MODULES = YES;
				CLANG_ENABLE_OBJC_ARC = YES;
				CLANG_ENABLE_OBJC_WEAK = YES;
				CLANG_WARN_BLOCK_CAPTURE_AUTORELEASING = YES;
				CLANG_WARN_BOOL_CONVERSION = YES;
				CLANG_WARN_COMMA = YES;
				CLANG_WARN_CONSTANT_CONVERSION = YES;
				CLANG_WARN_DEPRECATED_OBJC_IMPLEMENTATIONS = YES;
				CLANG_WARN_DIRECT_OBJC_ISA_USAGE = YES_ERROR;
				CLANG_WARN_DOCUMENTATION_COMMENTS = YES;
				CLANG_WARN_EMPTY_BODY = YES;
				CLANG_WARN_ENUM_CONVERSION = YES;
				CLANG_WARN_INFINITE_RECURSION = YES;
				CLANG_WARN_INT_CONVERSION = YES;
				CLANG_WARN_NON_LITERAL_NULL_CONVERSION = YES;
				CLANG_WARN_OBJC_IMPLICIT_RETAIN_SELF = YES;
				CLANG_WARN_OBJC_LITERAL_CONVERSION = YES;
				CLANG_WARN_OBJC_ROOT_CLASS = YES_ERROR;
				CLANG_WARN_QUOTED_INCLUDE_IN_FRAMEWORK_HEADER = YES;
				CLANG_WARN_RANGE_LOOP_ANALYSIS = YES;
				CLANG_WARN_STRICT_PROTOTYPES = YES;
				CLANG_WARN_SUSPICIOUS_MOVE = YES;
				CLANG_WARN_UNGUARDED_AVAILABILITY = YES_AGGRESSIVE;
				CLANG_WARN_UNREACHABLE_CODE = YES;
				CLANG_WARN__DUPLICATE_METHOD_MATCH = YES;
				COPY_PHASE_STRIP = NO;
				DEBUG_INFORMATION_FORMAT = "dwarf-with-dsym";
				ENABLE_NS_ASSERTIONS = NO;
				ENABLE_STRICT_OBJC_MSGSEND = YES;
				ENABLE_USER_SCRIPT_SANDBOXING = YES;
				GCC_C_LANGUAGE_STANDARD = gnu17;
				GCC_NO_COMMON_BLOCKS = YES;
				GCC_WARN_64_TO_32_BIT_CONVERSION = YES;
				GCC_WARN_ABOUT_RETURN_TYPE = YES_ERROR;
				GCC_WARN_UNDECLARED_SELECTOR = YES;
				GCC_WARN_UNINITIALIZED_AUTOS = YES_AGGRESSIVE;
				GCC_WARN_UNUSED_FUNCTION = YES;
				GCC_WARN_UNUSED_VARIABLE = YES;
				IPHONEOS_DEPLOYMENT_TARGET = 17.2;
				LOCALIZATION_PREFERS_STRING_CATALOGS = YES;
				MTL_ENABLE_DEBUG_INFO = NO;
				MTL_FAST_MATH = YES;
				SDKROOT = iphoneos;
				SWIFT_COMPILATION_MODE = wholemodule;
				VALIDATE_PRODUCT = YES;
			};
			name = Release;
		};
		ABEF7DE02B74C162009FB313 /* Debug */ = {
			isa = XCBuildConfiguration;
			buildSettings = {
				ASSETCATALOG_COMPILER_APPICON_NAME = AppIcon;
				ASSETCATALOG_COMPILER_GLOBAL_ACCENT_COLOR_NAME = AccentColor;
				CODE_SIGN_ENTITLEMENTS = FitQuest/FitQuest.entitlements;
				CODE_SIGN_IDENTITY = "Apple Development";
				CODE_SIGN_STYLE = Automatic;
				CURRENT_PROJECT_VERSION = 1;
				DEVELOPMENT_ASSET_PATHS = "\"FitQuest/Preview Content\"";
				DEVELOPMENT_TEAM = K236KX92JM;
				ENABLE_PREVIEWS = YES;
				GENERATE_INFOPLIST_FILE = YES;
				INFOPLIST_KEY_LSApplicationCategoryType = "public.app-category.healthcare-fitness";
				INFOPLIST_KEY_NSHealthShareUsageDescription = "Please allow access to enjoy our application's features";
				INFOPLIST_KEY_NSHealthUpdateUsageDescription = "Please allow access to enjoy our application's features";
				INFOPLIST_KEY_UIApplicationSceneManifest_Generation = YES;
				INFOPLIST_KEY_UIApplicationSupportsIndirectInputEvents = YES;
				INFOPLIST_KEY_UILaunchScreen_Generation = YES;
				INFOPLIST_KEY_UISupportedInterfaceOrientations_iPad = "UIInterfaceOrientationPortrait UIInterfaceOrientationPortraitUpsideDown UIInterfaceOrientationLandscapeLeft UIInterfaceOrientationLandscapeRight";
				INFOPLIST_KEY_UISupportedInterfaceOrientations_iPhone = "UIInterfaceOrientationPortrait UIInterfaceOrientationLandscapeLeft UIInterfaceOrientationLandscapeRight";
				LD_RUNPATH_SEARCH_PATHS = (
					"$(inherited)",
					"@executable_path/Frameworks",
				);
				MARKETING_VERSION = 1.0;
				PRODUCT_BUNDLE_IDENTIFIER = com.125Team.FitQuest;
				PRODUCT_NAME = "$(TARGET_NAME)";
				PROVISIONING_PROFILE_SPECIFIER = "";
				SWIFT_EMIT_LOC_STRINGS = YES;
				SWIFT_VERSION = 5.0;
				TARGETED_DEVICE_FAMILY = "1,2";
			};
			name = Debug;
		};
		ABEF7DE12B74C162009FB313 /* Release */ = {
			isa = XCBuildConfiguration;
			buildSettings = {
				ASSETCATALOG_COMPILER_APPICON_NAME = AppIcon;
				ASSETCATALOG_COMPILER_GLOBAL_ACCENT_COLOR_NAME = AccentColor;
				CODE_SIGN_ENTITLEMENTS = FitQuest/FitQuest.entitlements;
				CODE_SIGN_IDENTITY = "Apple Development";
				CODE_SIGN_STYLE = Automatic;
				CURRENT_PROJECT_VERSION = 1;
				DEVELOPMENT_ASSET_PATHS = "\"FitQuest/Preview Content\"";
				DEVELOPMENT_TEAM = K236KX92JM;
				ENABLE_PREVIEWS = YES;
				GENERATE_INFOPLIST_FILE = YES;
				INFOPLIST_KEY_LSApplicationCategoryType = "public.app-category.healthcare-fitness";
				INFOPLIST_KEY_NSHealthShareUsageDescription = "Please allow access to enjoy our application's features";
				INFOPLIST_KEY_NSHealthUpdateUsageDescription = "Please allow access to enjoy our application's features";
				INFOPLIST_KEY_UIApplicationSceneManifest_Generation = YES;
				INFOPLIST_KEY_UIApplicationSupportsIndirectInputEvents = YES;
				INFOPLIST_KEY_UILaunchScreen_Generation = YES;
				INFOPLIST_KEY_UISupportedInterfaceOrientations_iPad = "UIInterfaceOrientationPortrait UIInterfaceOrientationPortraitUpsideDown UIInterfaceOrientationLandscapeLeft UIInterfaceOrientationLandscapeRight";
				INFOPLIST_KEY_UISupportedInterfaceOrientations_iPhone = "UIInterfaceOrientationPortrait UIInterfaceOrientationLandscapeLeft UIInterfaceOrientationLandscapeRight";
				LD_RUNPATH_SEARCH_PATHS = (
					"$(inherited)",
					"@executable_path/Frameworks",
				);
				MARKETING_VERSION = 1.0;
				PRODUCT_BUNDLE_IDENTIFIER = com.125Team.FitQuest;
				PRODUCT_NAME = "$(TARGET_NAME)";
				PROVISIONING_PROFILE_SPECIFIER = "";
				SWIFT_EMIT_LOC_STRINGS = YES;
				SWIFT_VERSION = 5.0;
				TARGETED_DEVICE_FAMILY = "1,2";
			};
			name = Release;
		};
/* End XCBuildConfiguration section */

/* Begin XCConfigurationList section */
		ABEF7DB62B74C160009FB313 /* Build configuration list for PBXProject "FitQuest" */ = {
			isa = XCConfigurationList;
			buildConfigurations = (
				ABEF7DDD2B74C162009FB313 /* Debug */,
				ABEF7DDE2B74C162009FB313 /* Release */,
			);
			defaultConfigurationIsVisible = 0;
			defaultConfigurationName = Release;
		};
		ABEF7DDF2B74C162009FB313 /* Build configuration list for PBXNativeTarget "FitQuest" */ = {
			isa = XCConfigurationList;
			buildConfigurations = (
				ABEF7DE02B74C162009FB313 /* Debug */,
				ABEF7DE12B74C162009FB313 /* Release */,
			);
			defaultConfigurationIsVisible = 0;
			defaultConfigurationName = Release;
		};
/* End XCConfigurationList section */
	};
	rootObject = ABEF7DB32B74C160009FB313 /* Project object */;
}
